
Microsoft Visual Studio Solution File, Format Version 12.00
# Visual Studio Version 16
VisualStudioVersion = 16.0.31105.61
MinimumVisualStudioVersion = 10.0.40219.1
Project("{FAE04EC0-301F-11D3-BF4B-00C04F79EFBC}") = "ToyBox", "ToyBox\ToyBox.csproj", "{22DCB4E1-D979-4EA9-913A-4EE1634B4DED}"
EndProject
Project("{656346D9-4656-40DA-A068-22D5425D4639}") = "TBLib", "TBLib\TBLib.elements", "{D93DA47D-65A1-44F5-BD71-A44D8DBAD62A}"
EndProject
Global
	GlobalSection(SolutionConfigurationPlatforms) = preSolution
		Debug|Any CPU = Debug|Any CPU
		Release|Any CPU = Release|Any CPU
	EndGlobalSection
	GlobalSection(ProjectConfigurationPlatforms) = postSolution
		{22DCB4E1-D979-4EA9-913A-4EE1634B4DED}.Debug|Any CPU.ActiveCfg = Debug|Any CPU
		{22DCB4E1-D979-4EA9-913A-4EE1634B4DED}.Debug|Any CPU.Build.0 = Debug|Any CPU
		{22DCB4E1-D979-4EA9-913A-4EE1634B4DED}.Release|Any CPU.ActiveCfg = Release|Any CPU
		{22DCB4E1-D979-4EA9-913A-4EE1634B4DED}.Release|Any CPU.Build.0 = Release|Any CPU
		{D93DA47D-65A1-44F5-BD71-A44D8DBAD62A}.Debug|Any CPU.ActiveCfg = Debug
		{D93DA47D-65A1-44F5-BD71-A44D8DBAD62A}.Debug|Any CPU.Build.0 = Debug
		{D93DA47D-65A1-44F5-BD71-A44D8DBAD62A}.Release|Any CPU.ActiveCfg = Release
		{D93DA47D-65A1-44F5-BD71-A44D8DBAD62A}.Release|Any CPU.Build.0 = Release
	EndGlobalSection
	GlobalSection(SolutionProperties) = preSolution
		HideSolutionNode = FALSE
	EndGlobalSection
	GlobalSection(ExtensibilityGlobals) = postSolution
		SolutionGuid = {BA000E91-0748-40FC-8104-184CCB5CEA32}
	EndGlobalSection
EndGlobal
