
Microsoft Visual Studio Solution File, Format Version 12.00
# Visual Studio Version 16
VisualStudioVersion = 16.0.31205.134
MinimumVisualStudioVersion = 10.0.40219.1
Project("{9A19103F-16F7-4668-BE54-9A1E7A4F7556}") = "ModKit", "ModKit.csproj", "{16230C32-26A9-401E-96C5-94FA6C96D4DB}"
EndProject
Global
	GlobalSection(SolutionConfigurationPlatforms) = preSolution
		Debug|Any CPU = Debug|Any CPU
		Release|Any CPU = Release|Any CPU
	EndGlobalSection
	GlobalSection(ProjectConfigurationPlatforms) = postSolution
		{16230C32-26A9-401E-96C5-94FA6C96D4DB}.Debug|Any CPU.ActiveCfg = Debug|Any CPU
		{16230C32-26A9-401E-96C5-94FA6C96D4DB}.Debug|Any CPU.Build.0 = Debug|Any CPU
		{16230C32-26A9-401E-96C5-94FA6C96D4DB}.Release|Any CPU.ActiveCfg = Release|Any CPU
		{16230C32-26A9-401E-96C5-94FA6C96D4DB}.Release|Any CPU.Build.0 = Release|Any CPU
	EndGlobalSection
	GlobalSection(SolutionProperties) = preSolution
		HideSolutionNode = FALSE
	EndGlobalSection
	GlobalSection(ExtensibilityGlobals) = postSolution
		SolutionGuid = {B24F2A17-DE13-4D78-85EE-EA71565CD041}
	EndGlobalSection
EndGlobal
